PODS:
  - FMDB (2.7.5):
    - FMDB/standard (= 2.7.5)
  - FMDB/standard (2.7.5)
  - KissXML (5.3.1):
    - KissXML/All (= 5.3.1)
  - KissXML/Additions (5.3.1):
    - KissXML/Core
  - KissXML/All (5.3.1):
    - KissXML/Additions
    - KissXML/Core
  - KissXML/Core (5.3.1)
  - libjson (7.6.1)
  - proj4 (4.8.0)
  - SMCalloutView (2.1.5)
  - WhirlyGlobe (2.6.5):
    - WhirlyGlobe/MaplyComponent (= 2.6.5)
  - WhirlyGlobe/glues (2.6.5)
  - WhirlyGlobe/locallibs (2.6.5)
  - WhirlyGlobe/MaplyComponent (2.6.5):
    - FMDB
    - KissXML
    - libjson
    - proj4
    - SMCalloutView
    - WhirlyGlobe/glues
    - WhirlyGlobe/locallibs

DEPENDENCIES:
  - WhirlyGlobe (from `https://github.com/mousebird-consulting-inc/WhirlyGlobe.git`, tag `v2.6.8`)

SPEC REPOS:
  trunk:
    - FMDB
    - KissXML
    - libjson
    - proj4
    - SMCalloutView

EXTERNAL SOURCES:
  WhirlyGlobe:
    :git: https://github.com/mousebird-consulting-inc/WhirlyGlobe.git
    :tag: v2.6.8

CHECKOUT OPTIONS:
  WhirlyGlobe:
    :git: https://github.com/mousebird-consulting-inc/WhirlyGlobe.git
    :tag: v2.6.8

SPEC CHECKSUMS:
  FMDB: 2ce00b547f966261cd18927a3ddb07cb6f3db82a
  KissXML: 5c8e0f2e8b9f071d3e1ae123dec3eb5da615c10c
  libjson: 1a065ca64704a5d1b51c3754268998942d57ac6f
  proj4: 234525105d05a33b2ae9a90a6fe3935f7a246f7e
  SMCalloutView: 5c0ee363dc8e7204b2fda17dfad38c93e9e23481
  WhirlyGlobe: b13ceeb80aeba870742586b168c7a7e7e594ad5b

PODFILE CHECKSUM: e0be6d496acc3527e67513b7ec3b16ac50e3688b

COCOAPODS: 1.11.2
